
Microsoft Visual Studio Solution File, Format Version 12.00
# Visual Studio Version 17
VisualStudioVersion = 17.14.37111.16 d17.14
MinimumVisualStudioVersion = 10.0.40219.1
Project("{FAE04EC0-301F-11D3-BF4B-00C04F79EFBC}") = "LABO7", "LABO7.csproj", "{CA8FD53A-A771-4566-B6FB-F588D05D606C}"
EndProject
Global
	GlobalSection(SolutionConfigurationPlatforms) = preSolution
		Debug|Any CPU = Debug|Any CPU
		Release|Any CPU = Release|Any CPU
	EndGlobalSection
	GlobalSection(ProjectConfigurationPlatforms) = postSolution
		{CA8FD53A-A771-4566-B6FB-F588D05D606C}.Debug|Any CPU.ActiveCfg = Debug|Any CPU
		{CA8FD53A-A771-4566-B6FB-F588D05D606C}.Debug|Any CPU.Build.0 = Debug|Any CPU
		{CA8FD53A-A771-4566-B6FB-F588D05D606C}.Release|Any CPU.ActiveCfg = Release|Any CPU
		{CA8FD53A-A771-4566-B6FB-F588D05D606C}.Release|Any CPU.Build.0 = Release|Any CPU
	EndGlobalSection
	GlobalSection(SolutionProperties) = preSolution
		HideSolutionNode = FALSE
	EndGlobalSection
	GlobalSection(ExtensibilityGlobals) = postSolution
		SolutionGuid = {EBA6B919-5A0A-452A-8D01-6F9A05B52B98}
	EndGlobalSection
EndGlobal
